
Microsoft Visual Studio Solution File, Format Version 12.00
# Visual Studio Version 17
VisualStudioVersion = 17.2.32630.192
MinimumVisualStudioVersion = 10.0.40219.1
Project("{9A19103F-16F7-4668-BE54-9A1E7A4F7556}") = "RonbunMatome", "Untei\RonbunMatome.csproj", "{B2870160-E242-4EBA-A111-46C8EA5E7103}"
EndProject
Global
	GlobalSection(SolutionConfigurationPlatforms) = preSolution
		Debug|Any CPU = Debug|Any CPU
		Release|Any CPU = Release|Any CPU
	EndGlobalSection
	GlobalSection(ProjectConfigurationPlatforms) = postSolution
		{B2870160-E242-4EBA-A111-46C8EA5E7103}.Debug|Any CPU.ActiveCfg = Debug|Any CPU
		{B2870160-E242-4EBA-A111-46C8EA5E7103}.Debug|Any CPU.Build.0 = Debug|Any CPU
		{B2870160-E242-4EBA-A111-46C8EA5E7103}.Release|Any CPU.ActiveCfg = Release|Any CPU
		{B2870160-E242-4EBA-A111-46C8EA5E7103}.Release|Any CPU.Build.0 = Release|Any CPU
	EndGlobalSection
	GlobalSection(SolutionProperties) = preSolution
		HideSolutionNode = FALSE
	EndGlobalSection
	GlobalSection(ExtensibilityGlobals) = postSolution
		SolutionGuid = {73CB08CB-E6DF-4840-BCF4-0F75AE4C7578}
	EndGlobalSection
EndGlobal
